
Microsoft Visual Studio Solution File, Format Version 12.00
# Visual Studio Version 17
VisualStudioVersion = 17.9.34728.123
MinimumVisualStudioVersion = 10.0.40219.1
Project("{FAE04EC0-301F-11D3-BF4B-00C04F79EFBC}") = "LabWebApp", "LabWebApp.csproj", "{329B33BA-A28D-4644-A6CC-82067CEF4F70}"
EndProject
Global
	GlobalSection(SolutionConfigurationPlatforms) = preSolution
		Debug|Any CPU = Debug|Any CPU
		Release|Any CPU = Release|Any CPU
	EndGlobalSection
	GlobalSection(ProjectConfigurationPlatforms) = postSolution
		{329B33BA-A28D-4644-A6CC-82067CEF4F70}.Debug|Any CPU.ActiveCfg = Debug|Any CPU
		{329B33BA-A28D-4644-A6CC-82067CEF4F70}.Debug|Any CPU.Build.0 = Debug|Any CPU
		{329B33BA-A28D-4644-A6CC-82067CEF4F70}.Release|Any CPU.ActiveCfg = Release|Any CPU
		{329B33BA-A28D-4644-A6CC-82067CEF4F70}.Release|Any CPU.Build.0 = Release|Any CPU
	EndGlobalSection
	GlobalSection(SolutionProperties) = preSolution
		HideSolutionNode = FALSE
	EndGlobalSection
	GlobalSection(ExtensibilityGlobals) = postSolution
		SolutionGuid = {A890D3A8-0874-4BD9-9DB8-056349FDE906}
	EndGlobalSection
EndGlobal
